
Microsoft Visual Studio Solution File, Format Version 12.00
# Visual Studio Version 17
VisualStudioVersion = 17.7.34202.233
MinimumVisualStudioVersion = 10.0.40219.1
Project("{9A19103F-16F7-4668-BE54-9A1E7A4F7556}") = "ChallengeApp", "ChallengeApp\ChallengeApp.csproj", "{E1FAC84D-5F61-45B1-88B6-0ED5E6654CCD}"
EndProject
Project("{FAE04EC0-301F-11D3-BF4B-00C04F79EFBC}") = "ChallengeApp.Test", "ChallengeApp.Test\ChallengeApp.Test.csproj", "{DC0AF331-3F1F-4083-AFE4-ABC117D816AC}"
EndProject
Global
	GlobalSection(SolutionConfigurationPlatforms) = preSolution
		Debug|Any CPU = Debug|Any CPU
		Release|Any CPU = Release|Any CPU
	EndGlobalSection
	GlobalSection(ProjectConfigurationPlatforms) = postSolution
		{E1FAC84D-5F61-45B1-88B6-0ED5E6654CCD}.Debug|Any CPU.ActiveCfg = Debug|Any CPU
		{E1FAC84D-5F61-45B1-88B6-0ED5E6654CCD}.Debug|Any CPU.Build.0 = Debug|Any CPU
		{E1FAC84D-5F61-45B1-88B6-0ED5E6654CCD}.Release|Any CPU.ActiveCfg = Release|Any CPU
		{E1FAC84D-5F61-45B1-88B6-0ED5E6654CCD}.Release|Any CPU.Build.0 = Release|Any CPU
		{DC0AF331-3F1F-4083-AFE4-ABC117D816AC}.Debug|Any CPU.ActiveCfg = Debug|Any CPU
		{DC0AF331-3F1F-4083-AFE4-ABC117D816AC}.Debug|Any CPU.Build.0 = Debug|Any CPU
		{DC0AF331-3F1F-4083-AFE4-ABC117D816AC}.Release|Any CPU.ActiveCfg = Release|Any CPU
		{DC0AF331-3F1F-4083-AFE4-ABC117D816AC}.Release|Any CPU.Build.0 = Release|Any CPU
	EndGlobalSection
	GlobalSection(SolutionProperties) = preSolution
		HideSolutionNode = FALSE
	EndGlobalSection
	GlobalSection(ExtensibilityGlobals) = postSolution
		SolutionGuid = {91E5D5E9-ADDE-44F5-9709-AAB7908AE9AD}
	EndGlobalSection
EndGlobal
